
Microsoft Visual Studio Solution File, Format Version 12.00
# Visual Studio Version 16
VisualStudioVersion = 16.0.29613.14
MinimumVisualStudioVersion = 10.0.40219.1
Project("{FAE04EC0-301F-11D3-BF4B-00C04F79EFBC}") = "ConanServerSwitcher", "ConanServerSwitcher\ConanServerSwitcher.csproj", "{8FBEAA5C-14CE-408E-9C67-642B639ACF25}"
EndProject
Project("{FAE04EC0-301F-11D3-BF4B-00C04F79EFBC}") = "ConanServerSwitcher.UnitTests", "ConanServerSwitcher.UnitTests\ConanServerSwitcher.UnitTests.csproj", "{D1323CF2-7F14-4A49-87E3-4049C5BBE974}"
EndProject
Global
	GlobalSection(SolutionConfigurationPlatforms) = preSolution
		Debug|Any CPU = Debug|Any CPU
		Debug|ARM = Debug|ARM
		Debug|ARM64 = Debug|ARM64
		Debug|x64 = Debug|x64
		Debug|x86 = Debug|x86
		Release|Any CPU = Release|Any CPU
		Release|ARM = Release|ARM
		Release|ARM64 = Release|ARM64
		Release|x64 = Release|x64
		Release|x86 = Release|x86
	EndGlobalSection
	GlobalSection(ProjectConfigurationPlatforms) = postSolution
		{8FBEAA5C-14CE-408E-9C67-642B639ACF25}.Debug|Any CPU.ActiveCfg = Debug|Any CPU
		{8FBEAA5C-14CE-408E-9C67-642B639ACF25}.Debug|Any CPU.Build.0 = Debug|Any CPU
		{8FBEAA5C-14CE-408E-9C67-642B639ACF25}.Debug|ARM.ActiveCfg = Debug|Any CPU
		{8FBEAA5C-14CE-408E-9C67-642B639ACF25}.Debug|ARM.Build.0 = Debug|Any CPU
		{8FBEAA5C-14CE-408E-9C67-642B639ACF25}.Debug|ARM64.ActiveCfg = Debug|Any CPU
		{8FBEAA5C-14CE-408E-9C67-642B639ACF25}.Debug|ARM64.Build.0 = Debug|Any CPU
		{8FBEAA5C-14CE-408E-9C67-642B639ACF25}.Debug|x64.ActiveCfg = Debug|Any CPU
		{8FBEAA5C-14CE-408E-9C67-642B639ACF25}.Debug|x64.Build.0 = Debug|Any CPU
		{8FBEAA5C-14CE-408E-9C67-642B639ACF25}.Debug|x86.ActiveCfg = Debug|Any CPU
		{8FBEAA5C-14CE-408E-9C67-642B639ACF25}.Debug|x86.Build.0 = Debug|Any CPU
		{8FBEAA5C-14CE-408E-9C67-642B639ACF25}.Release|Any CPU.ActiveCfg = Release|Any CPU
		{8FBEAA5C-14CE-408E-9C67-642B639ACF25}.Release|Any CPU.Build.0 = Release|Any CPU
		{8FBEAA5C-14CE-408E-9C67-642B639ACF25}.Release|ARM.ActiveCfg = Release|Any CPU
		{8FBEAA5C-14CE-408E-9C67-642B639ACF25}.Release|ARM.Build.0 = Release|Any CPU
		{8FBEAA5C-14CE-408E-9C67-642B639ACF25}.Release|ARM64.ActiveCfg = Release|Any CPU
		{8FBEAA5C-14CE-408E-9C67-642B639ACF25}.Release|ARM64.Build.0 = Release|Any CPU
		{8FBEAA5C-14CE-408E-9C67-642B639ACF25}.Release|x64.ActiveCfg = Release|Any CPU
		{8FBEAA5C-14CE-408E-9C67-642B639ACF25}.Release|x64.Build.0 = Release|Any CPU
		{8FBEAA5C-14CE-408E-9C67-642B639ACF25}.Release|x86.ActiveCfg = Release|Any CPU
		{8FBEAA5C-14CE-408E-9C67-642B639ACF25}.Release|x86.Build.0 = Release|Any CPU
		{D1323CF2-7F14-4A49-87E3-4049C5BBE974}.Debug|Any CPU.ActiveCfg = Debug|Any CPU
		{D1323CF2-7F14-4A49-87E3-4049C5BBE974}.Debug|Any CPU.Build.0 = Debug|Any CPU
		{D1323CF2-7F14-4A49-87E3-4049C5BBE974}.Debug|ARM.ActiveCfg = Debug|Any CPU
		{D1323CF2-7F14-4A49-87E3-4049C5BBE974}.Debug|ARM.Build.0 = Debug|Any CPU
		{D1323CF2-7F14-4A49-87E3-4049C5BBE974}.Debug|ARM64.ActiveCfg = Debug|Any CPU
		{D1323CF2-7F14-4A49-87E3-4049C5BBE974}.Debug|ARM64.Build.0 = Debug|Any CPU
		{D1323CF2-7F14-4A49-87E3-4049C5BBE974}.Debug|x64.ActiveCfg = Debug|Any CPU
		{D1323CF2-7F14-4A49-87E3-4049C5BBE974}.Debug|x64.Build.0 = Debug|Any CPU
		{D1323CF2-7F14-4A49-87E3-4049C5BBE974}.Debug|x86.ActiveCfg = Debug|Any CPU
		{D1323CF2-7F14-4A49-87E3-4049C5BBE974}.Debug|x86.Build.0 = Debug|Any CPU
		{D1323CF2-7F14-4A49-87E3-4049C5BBE974}.Release|Any CPU.ActiveCfg = Release|Any CPU
		{D1323CF2-7F14-4A49-87E3-4049C5BBE974}.Release|Any CPU.Build.0 = Release|Any CPU
		{D1323CF2-7F14-4A49-87E3-4049C5BBE974}.Release|ARM.ActiveCfg = Release|Any CPU
		{D1323CF2-7F14-4A49-87E3-4049C5BBE974}.Release|ARM.Build.0 = Release|Any CPU
		{D1323CF2-7F14-4A49-87E3-4049C5BBE974}.Release|ARM64.ActiveCfg = Release|Any CPU
		{D1323CF2-7F14-4A49-87E3-4049C5BBE974}.Release|ARM64.Build.0 = Release|Any CPU
		{D1323CF2-7F14-4A49-87E3-4049C5BBE974}.Release|x64.ActiveCfg = Release|Any CPU
		{D1323CF2-7F14-4A49-87E3-4049C5BBE974}.Release|x64.Build.0 = Release|Any CPU
		{D1323CF2-7F14-4A49-87E3-4049C5BBE974}.Release|x86.ActiveCfg = Release|Any CPU
		{D1323CF2-7F14-4A49-87E3-4049C5BBE974}.Release|x86.Build.0 = Release|Any CPU
	EndGlobalSection
	GlobalSection(SolutionProperties) = preSolution
		HideSolutionNode = FALSE
	EndGlobalSection
	GlobalSection(ExtensibilityGlobals) = postSolution
		SolutionGuid = {F13A851E-71F3-45BC-AA4D-88C7BBCFFCC0}
	EndGlobalSection
EndGlobal
